// !$*UTF8*$!
{
	archiveVersion = 1;
	classes = {
	};
	objectVersion = 46;
	objects = {

/* Begin PBXBuildFile section */
		7174296F1D845B5400EC2910 /* main.m in Sources */ = {isa = PBXBuildFile; fileRef = 7174296E1D845B5400EC2910 /* main.m */; };
		717429721D845B5400EC2910 /* AppDelegate.m in Sources */ = {isa = PBXBuildFile; fileRef = 717429711D845B5400EC2910 /* AppDelegate.m */; };
		717429751D845B5400EC2910 /* ViewController.m in Sources */ = {isa = PBXBuildFile; fileRef = 717429741D845B5400EC2910 /* ViewController.m */; };
		717429781D845B5400EC2910 /* Main.storyboard in Resources */ = {isa = PBXBuildFile; fileRef = 717429761D845B5400EC2910 /* Main.storyboard */; };
		7174297A1D845B5400EC2910 /* Assets.xcassets in Resources */ = {isa = PBXBuildFile; fileRef = 717429791D845B5400EC2910 /* Assets.xcassets */; };
		7174297D1D845B5400EC2910 /* LaunchScreen.storyboard in Resources */ = {isa = PBXBuildFile; fileRef = 7174297B1D845B5400EC2910 /* LaunchScreen.storyboard */; };
/* End PBXBuildFile section */

/* Begin PBXFileReference section */
		7174296A1D845B5400EC2910 /* XNLiNing.app */ = {isa = PBXFileReference; explicitFileType = wrapper.application; includeInIndex = 0; path = XNLiNing.app; sourceTree = BUILT_PRODUCTS_DIR; };
		7174296E1D845B5400EC2910 /* main.m */ = {isa = PBXFileReference; lastKnownFileType = sourcecode.c.objc; path = main.m; sourceTree = "<group>"; };
		717429701D845B5400EC2910 /* AppDelegate.h */ = {isa = PBXFileReference; lastKnownFileType = sourcecode.c.h; path = AppDelegate.h; sourceTree = "<group>"; };
		717429711D845B5400EC2910 /* AppDelegate.m */ = {isa = PBXFileReference; lastKnownFileType = sourcecode.c.objc; path = AppDelegate.m; sourceTree = "<group>"; };
		717429731D845B5400EC2910 /* ViewController.h */ = {isa = PBXFileReference; lastKnownFileType = sourcecode.c.h; path = ViewController.h; sourceTree = "<group>"; };
		717429741D845B5400EC2910 /* ViewController.m */ = {isa = PBXFileReference; lastKnownFileType = sourcecode.c.objc; path = ViewController.m; sourceTree = "<group>"; };
		717429771D845B5400EC2910 /* Base */ = {isa = PBXFileReference; lastKnownFileType = file.storyboard; name = Base; path = Base.lproj/Main.storyboard; sourceTree = "<group>"; };
		717429791D845B5400EC2910 /* Assets.xcassets */ = {isa = PBXFileReference; lastKnownFileType = folder.assetcatalog; path = Assets.xcassets; sourceTree = "<group>"; };
		7174297C1D845B5400EC2910 /* Base */ = {isa = PBXFileReference; lastKnownFileType = file.storyboard; name = Base; path = Base.lproj/LaunchScreen.storyboard; sourceTree = "<group>"; };
		7174297E1D845B5400EC2910 /* Info.plist */ = {isa = PBXFileReference; lastKnownFileType = text.plist.xml; path = Info.plist; sourceTree = "<group>"; };
/* End PBXFileReference section */

/* Begin PBXFrameworksBuildPhase section */
		717429671D845B5400EC2910 /* Frameworks */ = {
			isa = PBXFrameworksBuildPhase;
			buildActionMask = 2147483647;
			files = (
			);
			runOnlyForDeploymentPostprocessing = 0;
		};
/* End PBXFrameworksBuildPhase section */

/* Begin PBXGroup section */
		717429611D845B5400EC2910 = {
			isa = PBXGroup;
			children = (
				7174296C1D845B5400EC2910 /* XNLiNing */,
				7174296B1D845B5400EC2910 /* Products */,
			);
			sourceTree = "<group>";
		};
		7174296B1D845B5400EC2910 /* Products */ = {
			isa = PBXGroup;
			children = (
				7174296A1D845B5400EC2910 /* XNLiNing.app */,
			);
			name = Products;
			sourceTree = "<group>";
		};
		7174296C1D845B5400EC2910 /* XNLiNing */ = {
			isa = PBXGroup;
			children = (
				717429701D845B5400EC2910 /* AppDelegate.h */,
				717429711D845B5400EC2910 /* AppDelegate.m */,
				717429731D845B5400EC2910 /* ViewController.h */,
				717429741D845B5400EC2910 /* ViewController.m */,
				717429761D845B5400EC2910 /* Main.storyboard */,
				717429791D845B5400EC2910 /* Assets.xcassets */,
				7174297B1D845B5400EC2910 /* LaunchScreen.storyboard */,
				7174297E1D845B5400EC2910 /* Info.plist */,
				7174296D1D845B5400EC2910 /* Supporting Files */,
			);
			path = XNLiNing;
			sourceTree = "<group>";
		};
		7174296D1D845B5400EC2910 /* Supporting Files */ = {
			isa = PBXGroup;
			children = (
				7174296E1D845B5400EC2910 /* main.m */,
			);
			name = "Supporting Files";
			sourceTree = "<group>";
		};
/* End PBXGroup section */

/* Begin PBXNativeTarget section */
		717429691D845B5400EC2910 /* XNLiNing */ = {
			isa = PBXNativeTarget;
			buildConfigurationList = 717429811D845B5400EC2910 /* Build configuration list for PBXNativeTarget "XNLiNing" */;
			buildPhases = (
				717429661D845B5400EC2910 /* Sources */,
				717429671D845B5400EC2910 /* Frameworks */,
				717429681D845B5400EC2910 /* Resources */,
			);
			buildRules = (
			);
			dependencies = (
			);
			name = XNLiNing;
			productName = XNLiNing;
			productReference = 7174296A1D845B5400EC2910 /* XNLiNing.app */;
			productType = "com.apple.product-type.application";
		};
/* End PBXNativeTarget section */

/* Begin PBXProject section */
		717429621D845B5400EC2910 /* Project object */ = {
			isa = PBXProject;
			attributes = {
				LastUpgradeCheck = 0730;
				ORGANIZATIONNAME = xunan;
				TargetAttributes = {
					717429691D845B5400EC2910 = {
						CreatedOnToolsVersion = 7.3;
					};
				};
			};
			buildConfigurationList = 717429651D845B5400EC2910 /* Build configuration list for PBXProject "XNLiNing" */;
			compatibilityVersion = "Xcode 3.2";
			developmentRegion = English;
			hasScannedForEncodings = 0;
			knownRegions = (
				en,
				Base,
			);
			mainGroup = 717429611D845B5400EC2910;
			productRefGroup = 7174296B1D845B5400EC2910 /* Products */;
			projectDirPath = "";
			projectRoot = "";
			targets = (
				717429691D845B5400EC2910 /* XNLiNing */,
			);
		};
/* End PBXProject section */

/* Begin PBXResourcesBuildPhase section */
		717429681D845B5400EC2910 /* Resources */ = {
			isa = PBXResourcesBuildPhase;
			buildActionMask = 2147483647;
			files = (
				7174297D1D845B5400EC2910 /* LaunchScreen.storyboard in Resources */,
				7174297A1D845B5400EC2910 /* Assets.xcassets in Resources */,
				717429781D845B5400EC2910 /* Main.storyboard in Resources */,
			);
			runOnlyForDeploymentPostprocessing = 0;
		};
/* End PBXResourcesBuildPhase section */

/* Begin PBXSourcesBuildPhase section */
		717429661D845B5400EC2910 /* Sources */ = {
			isa = PBXSourcesBuildPhase;
			buildActionMask = 2147483647;
			files = (
				717429751D845B5400EC2910 /* ViewController.m in Sources */,
				717429721D845B5400EC2910 /* AppDelegate.m in Sources */,
				7174296F1D845B5400EC2910 /* main.m in Sources */,
			);
			runOnlyForDeploymentPostprocessing = 0;
		};
/* End PBXSourcesBuildPhase section */

/* Begin PBXVariantGroup section */
		717429761D845B5400EC2910 /* Main.storyboard */ = {
			isa = PBXVariantGroup;
			children = (
				717429771D845B5400EC2910 /* Base */,
			);
			name = Main.storyboard;
			sourceTree = "<group>";
		};
		7174297B1D845B5400EC2910 /* LaunchScreen.storyboard */ = {
			isa = PBXVariantGroup;
			children = (
				7174297C1D845B5400EC2910 /* Base */,
			);
			name = LaunchScreen.storyboard;
			sourceTree = "<group>";
		};
/* End PBXVariantGroup section */

/* Begin XCBuildConfiguration section */
		7174297F1D845B5400EC2910 /* Debug */ = {
			isa = XCBuildConfiguration;
			buildSettings = {
				ALWAYS_SEARCH_USER_PATHS = NO;
				CLANG_ANALYZER_NONNULL = YES;
				CLANG_CXX_LANGUAGE_STANDARD = "gnu++0x";
				CLANG_CXX_LIBRARY = "libc++";
				CLANG_ENABLE_MODULES = YES;
				CLANG_ENABLE_OBJC_ARC = YES;
				CLANG_WARN_BOOL_CONVERSION = YES;
				CLANG_WARN_CONSTANT_CONVERSION = YES;
				CLANG_WARN_DIRECT_OBJC_ISA_USAGE = YES_ERROR;
				CLANG_WARN_EMPTY_BODY = YES;
				CLANG_WARN_ENUM_CONVERSION = YES;
				CLANG_WARN_INT_CONVERSION = YES;
				CLANG_WARN_OBJC_ROOT_CLASS = YES_ERROR;
				CLANG_WARN_UNREACHABLE_CODE = YES;
				CLANG_WARN__DUPLICATE_METHOD_MATCH = YES;
				"CODE_SIGN_IDENTITY[sdk=iphoneos*]" = "iPhone Developer";
				COPY_PHASE_STRIP = NO;
				DEBUG_INFORMATION_FORMAT = dwarf;
				ENABLE_STRICT_OBJC_MSGSEND = YES;
				ENABLE_TESTABILITY = YES;
				GCC_C_LANGUAGE_STANDARD = gnu99;
				GCC_DYNAMIC_NO_PIC = NO;
				GCC_NO_COMMON_BLOCKS = YES;
				GCC_OPTIMIZATION_LEVEL = 0;
				GCC_PREPROCESSOR_DEFINITIONS = (
					"DEBUG=1",
					"$(inherited)",
				);
				GCC_WARN_64_TO_32_BIT_CONVERSION = YES;
				GCC_WARN_ABOUT_RETURN_TYPE = YES_ERROR;
				GCC_WARN_UNDECLARED_SELECTOR = YES;
				GCC_WARN_UNINITIALIZED_AUTOS = YES_AGGRESSIVE;
				GCC_WARN_UNUSED_FUNCTION = YES;
				GCC_WARN_UNUSED_VARIABLE = YES;
				IPHONEOS_DEPLOYMENT_TARGET = 9.3;
				MTL_ENABLE_DEBUG_INFO = YES;
				ONLY_ACTIVE_ARCH = YES;
				SDKROOT = iphoneos;
			};
			name = Debug;
		};
		717429801D845B5400EC2910 /* Release */ = {
			isa = XCBuildConfiguration;
			buildSettings = {
				ALWAYS_SEARCH_USER_PATHS = NO;
				CLANG_ANALYZER_NONNULL = YES;
				CLANG_CXX_LANGUAGE_STANDARD = "gnu++0x";
				CLANG_CXX_LIBRARY = "libc++";
				CLANG_ENABLE_MODULES = YES;
				CLANG_ENABLE_OBJC_ARC = YES;
				CLANG_WARN_BOOL_CONVERSION = YES;
				CLANG_WARN_CONSTANT_CONVERSION = YES;
				CLANG_WARN_DIRECT_OBJC_ISA_USAGE = YES_ERROR;
				CLANG_WARN_EMPTY_BODY = YES;
				CLANG_WARN_ENUM_CONVERSION = YES;
				CLANG_WARN_INT_CONVERSION = YES;
				CLANG_WARN_OBJC_ROOT_CLASS = YES_ERROR;
				CLANG_WARN_UNREACHABLE_CODE = YES;
				CLANG_WARN__DUPLICATE_METHOD_MATCH = YES;
				"CODE_SIGN_IDENTITY[sdk=iphoneos*]" = "iPhone Developer";
				COPY_PHASE_STRIP = NO;
				DEBUG_INFORMATION_FORMAT = "dwarf-with-dsym";
				ENABLE_NS_ASSERTIONS = NO;
				ENABLE_STRICT_OBJC_MSGSEND = YES;
				GCC_C_LANGUAGE_STANDARD = gnu99;
				GCC_NO_COMMON_BLOCKS = YES;
				GCC_WARN_64_TO_32_BIT_CONVERSION = YES;
				GCC_WARN_ABOUT_RETURN_TYPE = YES_ERROR;
				GCC_WARN_UNDECLARED_SELECTOR = YES;
				GCC_WARN_UNINITIALIZED_AUTOS = YES_AGGRESSIVE;
				GCC_WARN_UNUSED_FUNCTION = YES;
				GCC_WARN_UNUSED_VARIABLE = YES;
				IPHONEOS_DEPLOYMENT_TARGET = 9.3;
				MTL_ENABLE_DEBUG_INFO = NO;
				SDKROOT = iphoneos;
				VALIDATE_PRODUCT = YES;
			};
			name = Release;
		};
		717429821D845B5400EC2910 /* Debug */ = {
			isa = XCBuildConfiguration;
			buildSettings = {
				ASSETCATALOG_COMPILER_APPICON_NAME = AppIcon;
				INFOPLIST_FILE = XNLiNing/Info.plist;
				LD_RUNPATH_SEARCH_PATHS = "$(inherited) @executable_path/Frameworks";
				PRODUCT_BUNDLE_IDENTIFIER = com.XNLiNing;
				PRODUCT_NAME = "$(TARGET_NAME)";
			};
			name = Debug;
		};
		717429831D845B5400EC2910 /* Release */ = {
			isa = XCBuildConfiguration;
			buildSettings = {
				ASSETCATALOG_COMPILER_APPICON_NAME = AppIcon;
				INFOPLIST_FILE = XNLiNing/Info.plist;
				LD_RUNPATH_SEARCH_PATHS = "$(inherited) @executable_path/Frameworks";
				PRODUCT_BUNDLE_IDENTIFIER = com.XNLiNing;
				PRODUCT_NAME = "$(TARGET_NAME)";
			};
			name = Release;
		};
/* End XCBuildConfiguration section */

/* Begin XCConfigurationList section */
		717429651D845B5400EC2910 /* Build configuration list for PBXProject "XNLiNing" */ = {
			isa = XCConfigurationList;
			buildConfigurations = (
				7174297F1D845B5400EC2910 /* Debug */,
				717429801D845B5400EC2910 /* Release */,
			);
			defaultConfigurationIsVisible = 0;
			defaultConfigurationName = Release;
		};
		717429811D845B5400EC2910 /* Build configuration list for PBXNativeTarget "XNLiNing" */ = {
			isa = XCConfigurationList;
			buildConfigurations = (
				717429821D845B5400EC2910 /* Debug */,
				717429831D845B5400EC2910 /* Release */,
			);
			defaultConfigurationIsVisible = 0;
		};
/* End XCConfigurationList section */
	};
	rootObject = 717429621D845B5400EC2910 /* Project object */;
}
